
Microsoft Visual Studio Solution File, Format Version 12.00
# Visual Studio Version 17
VisualStudioVersion = 17.12.35707.178
MinimumVisualStudioVersion = 10.0.40219.1
Project("{FAE04EC0-301F-11D3-BF4B-00C04F79EFBC}") = "Task1_1", "Task1_1\Task1_1.csproj", "{0BD1BC21-2DA5-4B5E-8715-8384ABCB70F8}"
EndProject
Project("{FAE04EC0-301F-11D3-BF4B-00C04F79EFBC}") = "Task2_1", "Task2_1\Task2_1.csproj", "{2440F691-7DEC-49B4-B11E-BA49CD49F2E1}"
EndProject
Project("{FAE04EC0-301F-11D3-BF4B-00C04F79EFBC}") = "Task2_2", "Task2_2\Task2_2.csproj", "{E5AE7593-83B9-4D91-8D2C-75787678C95A}"
EndProject
Project("{FAE04EC0-301F-11D3-BF4B-00C04F79EFBC}") = "Task2_3", "Task2_3\Task2_3.csproj", "{966937C0-BFC5-4ECE-9D6E-964BC836ECCF}"
EndProject
Project("{FAE04EC0-301F-11D3-BF4B-00C04F79EFBC}") = "Task2_4", "Task2_4\Task2_4.csproj", "{65E089A1-98D4-44DF-9AF2-450581630184}"
EndProject
Project("{FAE04EC0-301F-11D3-BF4B-00C04F79EFBC}") = "Task2_5", "Task2_5\Task2_5.csproj", "{FB5FC49F-9D31-4099-9B81-6A25F0520839}"
EndProject
Project("{FAE04EC0-301F-11D3-BF4B-00C04F79EFBC}") = "Task2_7", "Task2_7\Task2_7.csproj", "{AA8EB6B6-330A-4890-A190-AF658868734D}"
EndProject
Project("{FAE04EC0-301F-11D3-BF4B-00C04F79EFBC}") = "Task2_6", "Task2_6\Task2_6.csproj", "{C4C9B44D-E87D-45ED-AB94-C9505A7A59A0}"
EndProject
Project("{FAE04EC0-301F-11D3-BF4B-00C04F79EFBC}") = "Task3_1", "Task3_1\Task3_1.csproj", "{6E6DA5ED-B222-42C7-958B-7B5AC7A84ADE}"
EndProject
Project("{FAE04EC0-301F-11D3-BF4B-00C04F79EFBC}") = "Task3_2", "Task3_2\Task3_2.csproj", "{04AD28C3-63E1-4350-BF59-B78E781D7A5D}"
EndProject
Project("{FAE04EC0-301F-11D3-BF4B-00C04F79EFBC}") = "Task3_3", "Task3_3\Task3_3.csproj", "{2371B317-1305-4A12-8C2F-8024E8A2CE85}"
EndProject
Project("{FAE04EC0-301F-11D3-BF4B-00C04F79EFBC}") = "Task3_4", "Task3_4\Task3_4.csproj", "{11A42232-A170-4D73-8762-E4EB3CA3CE10}"
EndProject
Project("{FAE04EC0-301F-11D3-BF4B-00C04F79EFBC}") = "Task3_5", "Task3_5\Task3_5.csproj", "{183088F4-5092-4291-97C9-CF09D12F0618}"
EndProject
Project("{FAE04EC0-301F-11D3-BF4B-00C04F79EFBC}") = "Task3_6", "Task3_6\Task3_6.csproj", "{243F2C31-BA1E-4AC2-9ED3-5D6BD5B61ADF}"
EndProject
Project("{FAE04EC0-301F-11D3-BF4B-00C04F79EFBC}") = "Task3_7", "Task3_7\Task3_7.csproj", "{9A2F89D5-B6F9-4D7E-9A93-AE62D1BC10EA}"
EndProject
Project("{FAE04EC0-301F-11D3-BF4B-00C04F79EFBC}") = "Task3_8", "Task3_8\Task3_8.csproj", "{CD1F4EDE-D046-47CC-9F8F-09178607D9D2}"
EndProject
Project("{FAE04EC0-301F-11D3-BF4B-00C04F79EFBC}") = "Task3_9", "Task3_9\Task3_9.csproj", "{D0C60CD0-9419-4456-B1A4-E8DC40E6BADA}"
EndProject
Project("{FAE04EC0-301F-11D3-BF4B-00C04F79EFBC}") = "Task3_10", "Task3_10\Task3_10.csproj", "{96BE098B-4885-4833-B842-232A17C3936A}"
EndProject
Project("{FAE04EC0-301F-11D3-BF4B-00C04F79EFBC}") = "Task3_11", "Task3_11\Task3_11.csproj", "{B9BC08A5-DFF0-49D8-85AD-5B58E03450DF}"
EndProject
Project("{FAE04EC0-301F-11D3-BF4B-00C04F79EFBC}") = "Task3_12", "Task3_12\Task3_12.csproj", "{C47F73AA-A868-4F39-81B0-F8A73764DE93}"
EndProject
Project("{FAE04EC0-301F-11D3-BF4B-00C04F79EFBC}") = "Task4_1", "Task4_1\Task4_1.csproj", "{0C4B693D-3D59-487E-8F9F-9591FA121F65}"
EndProject
Project("{FAE04EC0-301F-11D3-BF4B-00C04F79EFBC}") = "Task4_2", "Task4_2\Task4_2.csproj", "{1BFA15EA-E99C-4BC8-96F4-DAE2505A7F1F}"
EndProject
Project("{FAE04EC0-301F-11D3-BF4B-00C04F79EFBC}") = "Task4_3", "Task4_3\Task4_3.csproj", "{BF2C5FAD-799C-4BE9-8C44-B46E37523124}"
EndProject
Project("{FAE04EC0-301F-11D3-BF4B-00C04F79EFBC}") = "Task4_4", "Task4_4\Task4_4.csproj", "{6B420929-C9E8-411D-B478-440A8844798D}"
EndProject
Project("{FAE04EC0-301F-11D3-BF4B-00C04F79EFBC}") = "Task4_5", "Task4_5\Task4_5.csproj", "{A26CF0C5-CBD1-4400-8078-7E11698A94B6}"
EndProject
Project("{FAE04EC0-301F-11D3-BF4B-00C04F79EFBC}") = "Task4_6", "Task4_6\Task4_6.csproj", "{D96973EE-A446-4213-965D-49BD9278A101}"
EndProject
Project("{FAE04EC0-301F-11D3-BF4B-00C04F79EFBC}") = "Task4_7", "Task4_7\Task4_7.csproj", "{BB66B084-F60D-43CF-9A25-E74AC03FF03E}"
EndProject
Project("{FAE04EC0-301F-11D3-BF4B-00C04F79EFBC}") = "Task4_8", "Task4_8\Task4_8.csproj", "{5C5F8A38-6707-4C29-B6F5-0A460A834291}"
EndProject
Project("{FAE04EC0-301F-11D3-BF4B-00C04F79EFBC}") = "Task5_1", "Task5_1\Task5_1.csproj", "{E94EB0C0-D524-466A-B734-67F9031F9B0F}"
EndProject
Project("{FAE04EC0-301F-11D3-BF4B-00C04F79EFBC}") = "Task5_2", "Task5_2\Task5_2.csproj", "{8A881A75-8474-4331-8039-8049006364D0}"
EndProject
Project("{FAE04EC0-301F-11D3-BF4B-00C04F79EFBC}") = "Task5_3", "Task5_3\Task5_3.csproj", "{4FB5F9BC-B73B-41F5-A572-AC4ADD6C274F}"
EndProject
Project("{FAE04EC0-301F-11D3-BF4B-00C04F79EFBC}") = "Task5_4", "Task5_4\Task5_4.csproj", "{2D13D45F-77DA-4F72-9E29-E704F68EFE8D}"
EndProject
Project("{FAE04EC0-301F-11D3-BF4B-00C04F79EFBC}") = "Task5_5", "Task5_5\Task5_5.csproj", "{508F02D3-5AE5-4658-A8B6-C17B89C45CD2}"
EndProject
Project("{FAE04EC0-301F-11D3-BF4B-00C04F79EFBC}") = "Task5_6", "Task5_6\Task5_6.csproj", "{BB84164A-2000-4DCB-92EA-A7A08E7C480C}"
EndProject
Project("{FAE04EC0-301F-11D3-BF4B-00C04F79EFBC}") = "Task5_7", "Task5_7\Task5_7.csproj", "{C741D611-A8C3-4F0C-BB52-DA2658A98470}"
EndProject
Project("{FAE04EC0-301F-11D3-BF4B-00C04F79EFBC}") = "Task5_8", "Task5_8\Task5_8.csproj", "{68A7709E-CAC2-4E91-9809-F34AADBC733B}"
EndProject
Project("{FAE04EC0-301F-11D3-BF4B-00C04F79EFBC}") = "Task5_10", "Task5_10\Task5_10.csproj", "{B380389E-1DF9-49C8-A8A0-5540754471C3}"
EndProject
Project("{FAE04EC0-301F-11D3-BF4B-00C04F79EFBC}") = "Task6_1", "Task6_1\Task6_1.csproj", "{8E3F8156-21DE-4852-BAB3-AE7958F869B3}"
EndProject
Project("{FAE04EC0-301F-11D3-BF4B-00C04F79EFBC}") = "Task6_2", "Task6_2\Task6_2.csproj", "{4F3F7776-2429-4C03-9553-650C27A2AE91}"
EndProject
Project("{FAE04EC0-301F-11D3-BF4B-00C04F79EFBC}") = "Task6_3", "Task6_3\Task6_3.csproj", "{49C53C6C-206A-470E-BF21-E99F2B1AEF5C}"
EndProject
Project("{FAE04EC0-301F-11D3-BF4B-00C04F79EFBC}") = "Task6_4", "Task6_4\Task6_4.csproj", "{B43889B0-8D96-4B05-9E23-34E784B66934}"
EndProject
Project("{FAE04EC0-301F-11D3-BF4B-00C04F79EFBC}") = "Task6_5", "Task6_5\Task6_5.csproj", "{2370FB4F-E08A-4177-A73F-95A09D837EE6}"
EndProject
Project("{FAE04EC0-301F-11D3-BF4B-00C04F79EFBC}") = "Task6_6", "Task6_6\Task6_6.csproj", "{A98F91FB-30AD-43CB-81DB-8B28BCF90517}"
EndProject
Project("{FAE04EC0-301F-11D3-BF4B-00C04F79EFBC}") = "Task7_1", "Task7_1\Task7_1.csproj", "{F6430864-F219-443B-B378-AF99E24609D8}"
EndProject
Project("{FAE04EC0-301F-11D3-BF4B-00C04F79EFBC}") = "Task7_2", "Task7_2\Task7_2.csproj", "{1F2EBA57-CA4A-4138-A66D-BF856C4F12A2}"
EndProject
Project("{FAE04EC0-301F-11D3-BF4B-00C04F79EFBC}") = "Task7_3", "Task7_3\Task7_3.csproj", "{DD84A37F-158F-41C1-B9DD-C76F5120A82D}"
EndProject
Project("{FAE04EC0-301F-11D3-BF4B-00C04F79EFBC}") = "Task7_4", "Task7_4\Task7_4.csproj", "{29D186A0-2165-45FE-B576-705CA566FAEC}"
EndProject
Project("{FAE04EC0-301F-11D3-BF4B-00C04F79EFBC}") = "Task7_5", "Task7_5\Task7_5.csproj", "{9AAD7C18-FF97-4C4E-98E6-3D3EDC3A195B}"
EndProject
Project("{FAE04EC0-301F-11D3-BF4B-00C04F79EFBC}") = "Task8_1", "Task7_6\Task8_1.csproj", "{D3C398F5-38F1-4494-93DF-85B7AE399F4E}"
EndProject
Project("{FAE04EC0-301F-11D3-BF4B-00C04F79EFBC}") = "Task8_2", "Task8_2\Task8_2.csproj", "{A5CEACB6-0C4F-4762-BC02-500D6F6BA989}"
EndProject
Global
	GlobalSection(SolutionConfigurationPlatforms) = preSolution
		Debug|Any CPU = Debug|Any CPU
		Release|Any CPU = Release|Any CPU
	EndGlobalSection
	GlobalSection(ProjectConfigurationPlatforms) = postSolution
		{0BD1BC21-2DA5-4B5E-8715-8384ABCB70F8}.Debug|Any CPU.ActiveCfg = Debug|Any CPU
		{0BD1BC21-2DA5-4B5E-8715-8384ABCB70F8}.Debug|Any CPU.Build.0 = Debug|Any CPU
		{0BD1BC21-2DA5-4B5E-8715-8384ABCB70F8}.Release|Any CPU.ActiveCfg = Release|Any CPU
		{0BD1BC21-2DA5-4B5E-8715-8384ABCB70F8}.Release|Any CPU.Build.0 = Release|Any CPU
		{2440F691-7DEC-49B4-B11E-BA49CD49F2E1}.Debug|Any CPU.ActiveCfg = Debug|Any CPU
		{2440F691-7DEC-49B4-B11E-BA49CD49F2E1}.Debug|Any CPU.Build.0 = Debug|Any CPU
		{2440F691-7DEC-49B4-B11E-BA49CD49F2E1}.Release|Any CPU.ActiveCfg = Release|Any CPU
		{2440F691-7DEC-49B4-B11E-BA49CD49F2E1}.Release|Any CPU.Build.0 = Release|Any CPU
		{E5AE7593-83B9-4D91-8D2C-75787678C95A}.Debug|Any CPU.ActiveCfg = Debug|Any CPU
		{E5AE7593-83B9-4D91-8D2C-75787678C95A}.Debug|Any CPU.Build.0 = Debug|Any CPU
		{E5AE7593-83B9-4D91-8D2C-75787678C95A}.Release|Any CPU.ActiveCfg = Release|Any CPU
		{E5AE7593-83B9-4D91-8D2C-75787678C95A}.Release|Any CPU.Build.0 = Release|Any CPU
		{966937C0-BFC5-4ECE-9D6E-964BC836ECCF}.Debug|Any CPU.ActiveCfg = Debug|Any CPU
		{966937C0-BFC5-4ECE-9D6E-964BC836ECCF}.Debug|Any CPU.Build.0 = Debug|Any CPU
		{966937C0-BFC5-4ECE-9D6E-964BC836ECCF}.Release|Any CPU.ActiveCfg = Release|Any CPU
		{966937C0-BFC5-4ECE-9D6E-964BC836ECCF}.Release|Any CPU.Build.0 = Release|Any CPU
		{65E089A1-98D4-44DF-9AF2-450581630184}.Debug|Any CPU.ActiveCfg = Debug|Any CPU
		{65E089A1-98D4-44DF-9AF2-450581630184}.Debug|Any CPU.Build.0 = Debug|Any CPU
		{65E089A1-98D4-44DF-9AF2-450581630184}.Release|Any CPU.ActiveCfg = Release|Any CPU
		{65E089A1-98D4-44DF-9AF2-450581630184}.Release|Any CPU.Build.0 = Release|Any CPU
		{FB5FC49F-9D31-4099-9B81-6A25F0520839}.Debug|Any CPU.ActiveCfg = Debug|Any CPU
		{FB5FC49F-9D31-4099-9B81-6A25F0520839}.Debug|Any CPU.Build.0 = Debug|Any CPU
		{FB5FC49F-9D31-4099-9B81-6A25F0520839}.Release|Any CPU.ActiveCfg = Release|Any CPU
		{FB5FC49F-9D31-4099-9B81-6A25F0520839}.Release|Any CPU.Build.0 = Release|Any CPU
		{AA8EB6B6-330A-4890-A190-AF658868734D}.Debug|Any CPU.ActiveCfg = Debug|Any CPU
		{AA8EB6B6-330A-4890-A190-AF658868734D}.Debug|Any CPU.Build.0 = Debug|Any CPU
		{AA8EB6B6-330A-4890-A190-AF658868734D}.Release|Any CPU.ActiveCfg = Release|Any CPU
		{AA8EB6B6-330A-4890-A190-AF658868734D}.Release|Any CPU.Build.0 = Release|Any CPU
		{C4C9B44D-E87D-45ED-AB94-C9505A7A59A0}.Debug|Any CPU.ActiveCfg = Debug|Any CPU
		{C4C9B44D-E87D-45ED-AB94-C9505A7A59A0}.Debug|Any CPU.Build.0 = Debug|Any CPU
		{C4C9B44D-E87D-45ED-AB94-C9505A7A59A0}.Release|Any CPU.ActiveCfg = Release|Any CPU
		{C4C9B44D-E87D-45ED-AB94-C9505A7A59A0}.Release|Any CPU.Build.0 = Release|Any CPU
		{6E6DA5ED-B222-42C7-958B-7B5AC7A84ADE}.Debug|Any CPU.ActiveCfg = Debug|Any CPU
		{6E6DA5ED-B222-42C7-958B-7B5AC7A84ADE}.Debug|Any CPU.Build.0 = Debug|Any CPU
		{6E6DA5ED-B222-42C7-958B-7B5AC7A84ADE}.Release|Any CPU.ActiveCfg = Release|Any CPU
		{6E6DA5ED-B222-42C7-958B-7B5AC7A84ADE}.Release|Any CPU.Build.0 = Release|Any CPU
		{04AD28C3-63E1-4350-BF59-B78E781D7A5D}.Debug|Any CPU.ActiveCfg = Debug|Any CPU
		{04AD28C3-63E1-4350-BF59-B78E781D7A5D}.Debug|Any CPU.Build.0 = Debug|Any CPU
		{04AD28C3-63E1-4350-BF59-B78E781D7A5D}.Release|Any CPU.ActiveCfg = Release|Any CPU
		{04AD28C3-63E1-4350-BF59-B78E781D7A5D}.Release|Any CPU.Build.0 = Release|Any CPU
		{2371B317-1305-4A12-8C2F-8024E8A2CE85}.Debug|Any CPU.ActiveCfg = Debug|Any CPU
		{2371B317-1305-4A12-8C2F-8024E8A2CE85}.Debug|Any CPU.Build.0 = Debug|Any CPU
		{2371B317-1305-4A12-8C2F-8024E8A2CE85}.Release|Any CPU.ActiveCfg = Release|Any CPU
		{2371B317-1305-4A12-8C2F-8024E8A2CE85}.Release|Any CPU.Build.0 = Release|Any CPU
		{11A42232-A170-4D73-8762-E4EB3CA3CE10}.Debug|Any CPU.ActiveCfg = Debug|Any CPU
		{11A42232-A170-4D73-8762-E4EB3CA3CE10}.Debug|Any CPU.Build.0 = Debug|Any CPU
		{11A42232-A170-4D73-8762-E4EB3CA3CE10}.Release|Any CPU.ActiveCfg = Release|Any CPU
		{11A42232-A170-4D73-8762-E4EB3CA3CE10}.Release|Any CPU.Build.0 = Release|Any CPU
		{183088F4-5092-4291-97C9-CF09D12F0618}.Debug|Any CPU.ActiveCfg = Debug|Any CPU
		{183088F4-5092-4291-97C9-CF09D12F0618}.Debug|Any CPU.Build.0 = Debug|Any CPU
		{183088F4-5092-4291-97C9-CF09D12F0618}.Release|Any CPU.ActiveCfg = Release|Any CPU
		{183088F4-5092-4291-97C9-CF09D12F0618}.Release|Any CPU.Build.0 = Release|Any CPU
		{243F2C31-BA1E-4AC2-9ED3-5D6BD5B61ADF}.Debug|Any CPU.ActiveCfg = Debug|Any CPU
		{243F2C31-BA1E-4AC2-9ED3-5D6BD5B61ADF}.Debug|Any CPU.Build.0 = Debug|Any CPU
		{243F2C31-BA1E-4AC2-9ED3-5D6BD5B61ADF}.Release|Any CPU.ActiveCfg = Release|Any CPU
		{243F2C31-BA1E-4AC2-9ED3-5D6BD5B61ADF}.Release|Any CPU.Build.0 = Release|Any CPU
		{9A2F89D5-B6F9-4D7E-9A93-AE62D1BC10EA}.Debug|Any CPU.ActiveCfg = Debug|Any CPU
		{9A2F89D5-B6F9-4D7E-9A93-AE62D1BC10EA}.Debug|Any CPU.Build.0 = Debug|Any CPU
		{9A2F89D5-B6F9-4D7E-9A93-AE62D1BC10EA}.Release|Any CPU.ActiveCfg = Release|Any CPU
		{9A2F89D5-B6F9-4D7E-9A93-AE62D1BC10EA}.Release|Any CPU.Build.0 = Release|Any CPU
		{CD1F4EDE-D046-47CC-9F8F-09178607D9D2}.Debug|Any CPU.ActiveCfg = Debug|Any CPU
		{CD1F4EDE-D046-47CC-9F8F-09178607D9D2}.Debug|Any CPU.Build.0 = Debug|Any CPU
		{CD1F4EDE-D046-47CC-9F8F-09178607D9D2}.Release|Any CPU.ActiveCfg = Release|Any CPU
		{CD1F4EDE-D046-47CC-9F8F-09178607D9D2}.Release|Any CPU.Build.0 = Release|Any CPU
		{D0C60CD0-9419-4456-B1A4-E8DC40E6BADA}.Debug|Any CPU.ActiveCfg = Debug|Any CPU
		{D0C60CD0-9419-4456-B1A4-E8DC40E6BADA}.Debug|Any CPU.Build.0 = Debug|Any CPU
		{D0C60CD0-9419-4456-B1A4-E8DC40E6BADA}.Release|Any CPU.ActiveCfg = Release|Any CPU
		{D0C60CD0-9419-4456-B1A4-E8DC40E6BADA}.Release|Any CPU.Build.0 = Release|Any CPU
		{96BE098B-4885-4833-B842-232A17C3936A}.Debug|Any CPU.ActiveCfg = Debug|Any CPU
		{96BE098B-4885-4833-B842-232A17C3936A}.Debug|Any CPU.Build.0 = Debug|Any CPU
		{96BE098B-4885-4833-B842-232A17C3936A}.Release|Any CPU.ActiveCfg = Release|Any CPU
		{96BE098B-4885-4833-B842-232A17C3936A}.Release|Any CPU.Build.0 = Release|Any CPU
		{B9BC08A5-DFF0-49D8-85AD-5B58E03450DF}.Debug|Any CPU.ActiveCfg = Debug|Any CPU
		{B9BC08A5-DFF0-49D8-85AD-5B58E03450DF}.Debug|Any CPU.Build.0 = Debug|Any CPU
		{B9BC08A5-DFF0-49D8-85AD-5B58E03450DF}.Release|Any CPU.ActiveCfg = Release|Any CPU
		{B9BC08A5-DFF0-49D8-85AD-5B58E03450DF}.Release|Any CPU.Build.0 = Release|Any CPU
		{C47F73AA-A868-4F39-81B0-F8A73764DE93}.Debug|Any CPU.ActiveCfg = Debug|Any CPU
		{C47F73AA-A868-4F39-81B0-F8A73764DE93}.Debug|Any CPU.Build.0 = Debug|Any CPU
		{C47F73AA-A868-4F39-81B0-F8A73764DE93}.Release|Any CPU.ActiveCfg = Release|Any CPU
		{C47F73AA-A868-4F39-81B0-F8A73764DE93}.Release|Any CPU.Build.0 = Release|Any CPU
		{0C4B693D-3D59-487E-8F9F-9591FA121F65}.Debug|Any CPU.ActiveCfg = Debug|Any CPU
		{0C4B693D-3D59-487E-8F9F-9591FA121F65}.Debug|Any CPU.Build.0 = Debug|Any CPU
		{0C4B693D-3D59-487E-8F9F-9591FA121F65}.Release|Any CPU.ActiveCfg = Release|Any CPU
		{0C4B693D-3D59-487E-8F9F-9591FA121F65}.Release|Any CPU.Build.0 = Release|Any CPU
		{1BFA15EA-E99C-4BC8-96F4-DAE2505A7F1F}.Debug|Any CPU.ActiveCfg = Debug|Any CPU
		{1BFA15EA-E99C-4BC8-96F4-DAE2505A7F1F}.Debug|Any CPU.Build.0 = Debug|Any CPU
		{1BFA15EA-E99C-4BC8-96F4-DAE2505A7F1F}.Release|Any CPU.ActiveCfg = Release|Any CPU
		{1BFA15EA-E99C-4BC8-96F4-DAE2505A7F1F}.Release|Any CPU.Build.0 = Release|Any CPU
		{BF2C5FAD-799C-4BE9-8C44-B46E37523124}.Debug|Any CPU.ActiveCfg = Debug|Any CPU
		{BF2C5FAD-799C-4BE9-8C44-B46E37523124}.Debug|Any CPU.Build.0 = Debug|Any CPU
		{BF2C5FAD-799C-4BE9-8C44-B46E37523124}.Release|Any CPU.ActiveCfg = Release|Any CPU
		{BF2C5FAD-799C-4BE9-8C44-B46E37523124}.Release|Any CPU.Build.0 = Release|Any CPU
		{6B420929-C9E8-411D-B478-440A8844798D}.Debug|Any CPU.ActiveCfg = Debug|Any CPU
		{6B420929-C9E8-411D-B478-440A8844798D}.Debug|Any CPU.Build.0 = Debug|Any CPU
		{6B420929-C9E8-411D-B478-440A8844798D}.Release|Any CPU.ActiveCfg = Release|Any CPU
		{6B420929-C9E8-411D-B478-440A8844798D}.Release|Any CPU.Build.0 = Release|Any CPU
		{A26CF0C5-CBD1-4400-8078-7E11698A94B6}.Debug|Any CPU.ActiveCfg = Debug|Any CPU
		{A26CF0C5-CBD1-4400-8078-7E11698A94B6}.Debug|Any CPU.Build.0 = Debug|Any CPU
		{A26CF0C5-CBD1-4400-8078-7E11698A94B6}.Release|Any CPU.ActiveCfg = Release|Any CPU
		{A26CF0C5-CBD1-4400-8078-7E11698A94B6}.Release|Any CPU.Build.0 = Release|Any CPU
		{D96973EE-A446-4213-965D-49BD9278A101}.Debug|Any CPU.ActiveCfg = Debug|Any CPU
		{D96973EE-A446-4213-965D-49BD9278A101}.Debug|Any CPU.Build.0 = Debug|Any CPU
		{D96973EE-A446-4213-965D-49BD9278A101}.Release|Any CPU.ActiveCfg = Release|Any CPU
		{D96973EE-A446-4213-965D-49BD9278A101}.Release|Any CPU.Build.0 = Release|Any CPU
		{BB66B084-F60D-43CF-9A25-E74AC03FF03E}.Debug|Any CPU.ActiveCfg = Debug|Any CPU
		{BB66B084-F60D-43CF-9A25-E74AC03FF03E}.Debug|Any CPU.Build.0 = Debug|Any CPU
		{BB66B084-F60D-43CF-9A25-E74AC03FF03E}.Release|Any CPU.ActiveCfg = Release|Any CPU
		{BB66B084-F60D-43CF-9A25-E74AC03FF03E}.Release|Any CPU.Build.0 = Release|Any CPU
		{5C5F8A38-6707-4C29-B6F5-0A460A834291}.Debug|Any CPU.ActiveCfg = Debug|Any CPU
		{5C5F8A38-6707-4C29-B6F5-0A460A834291}.Debug|Any CPU.Build.0 = Debug|Any CPU
		{5C5F8A38-6707-4C29-B6F5-0A460A834291}.Release|Any CPU.ActiveCfg = Release|Any CPU
		{5C5F8A38-6707-4C29-B6F5-0A460A834291}.Release|Any CPU.Build.0 = Release|Any CPU
		{E94EB0C0-D524-466A-B734-67F9031F9B0F}.Debug|Any CPU.ActiveCfg = Debug|Any CPU
		{E94EB0C0-D524-466A-B734-67F9031F9B0F}.Debug|Any CPU.Build.0 = Debug|Any CPU
		{E94EB0C0-D524-466A-B734-67F9031F9B0F}.Release|Any CPU.ActiveCfg = Release|Any CPU
		{E94EB0C0-D524-466A-B734-67F9031F9B0F}.Release|Any CPU.Build.0 = Release|Any CPU
		{8A881A75-8474-4331-8039-8049006364D0}.Debug|Any CPU.ActiveCfg = Debug|Any CPU
		{8A881A75-8474-4331-8039-8049006364D0}.Debug|Any CPU.Build.0 = Debug|Any CPU
		{8A881A75-8474-4331-8039-8049006364D0}.Release|Any CPU.ActiveCfg = Release|Any CPU
		{8A881A75-8474-4331-8039-8049006364D0}.Release|Any CPU.Build.0 = Release|Any CPU
		{4FB5F9BC-B73B-41F5-A572-AC4ADD6C274F}.Debug|Any CPU.ActiveCfg = Debug|Any CPU
		{4FB5F9BC-B73B-41F5-A572-AC4ADD6C274F}.Debug|Any CPU.Build.0 = Debug|Any CPU
		{4FB5F9BC-B73B-41F5-A572-AC4ADD6C274F}.Release|Any CPU.ActiveCfg = Release|Any CPU
		{4FB5F9BC-B73B-41F5-A572-AC4ADD6C274F}.Release|Any CPU.Build.0 = Release|Any CPU
		{2D13D45F-77DA-4F72-9E29-E704F68EFE8D}.Debug|Any CPU.ActiveCfg = Debug|Any CPU
		{2D13D45F-77DA-4F72-9E29-E704F68EFE8D}.Debug|Any CPU.Build.0 = Debug|Any CPU
		{2D13D45F-77DA-4F72-9E29-E704F68EFE8D}.Release|Any CPU.ActiveCfg = Release|Any CPU
		{2D13D45F-77DA-4F72-9E29-E704F68EFE8D}.Release|Any CPU.Build.0 = Release|Any CPU
		{508F02D3-5AE5-4658-A8B6-C17B89C45CD2}.Debug|Any CPU.ActiveCfg = Debug|Any CPU
		{508F02D3-5AE5-4658-A8B6-C17B89C45CD2}.Debug|Any CPU.Build.0 = Debug|Any CPU
		{508F02D3-5AE5-4658-A8B6-C17B89C45CD2}.Release|Any CPU.ActiveCfg = Release|Any CPU
		{508F02D3-5AE5-4658-A8B6-C17B89C45CD2}.Release|Any CPU.Build.0 = Release|Any CPU
		{BB84164A-2000-4DCB-92EA-A7A08E7C480C}.Debug|Any CPU.ActiveCfg = Debug|Any CPU
		{BB84164A-2000-4DCB-92EA-A7A08E7C480C}.Debug|Any CPU.Build.0 = Debug|Any CPU
		{BB84164A-2000-4DCB-92EA-A7A08E7C480C}.Release|Any CPU.ActiveCfg = Release|Any CPU
		{BB84164A-2000-4DCB-92EA-A7A08E7C480C}.Release|Any CPU.Build.0 = Release|Any CPU
		{C741D611-A8C3-4F0C-BB52-DA2658A98470}.Debug|Any CPU.ActiveCfg = Debug|Any CPU
		{C741D611-A8C3-4F0C-BB52-DA2658A98470}.Debug|Any CPU.Build.0 = Debug|Any CPU
		{C741D611-A8C3-4F0C-BB52-DA2658A98470}.Release|Any CPU.ActiveCfg = Release|Any CPU
		{C741D611-A8C3-4F0C-BB52-DA2658A98470}.Release|Any CPU.Build.0 = Release|Any CPU
		{68A7709E-CAC2-4E91-9809-F34AADBC733B}.Debug|Any CPU.ActiveCfg = Debug|Any CPU
		{68A7709E-CAC2-4E91-9809-F34AADBC733B}.Debug|Any CPU.Build.0 = Debug|Any CPU
		{68A7709E-CAC2-4E91-9809-F34AADBC733B}.Release|Any CPU.ActiveCfg = Release|Any CPU
		{68A7709E-CAC2-4E91-9809-F34AADBC733B}.Release|Any CPU.Build.0 = Release|Any CPU
		{B380389E-1DF9-49C8-A8A0-5540754471C3}.Debug|Any CPU.ActiveCfg = Debug|Any CPU
		{B380389E-1DF9-49C8-A8A0-5540754471C3}.Debug|Any CPU.Build.0 = Debug|Any CPU
		{B380389E-1DF9-49C8-A8A0-5540754471C3}.Release|Any CPU.ActiveCfg = Release|Any CPU
		{B380389E-1DF9-49C8-A8A0-5540754471C3}.Release|Any CPU.Build.0 = Release|Any CPU
		{8E3F8156-21DE-4852-BAB3-AE7958F869B3}.Debug|Any CPU.ActiveCfg = Debug|Any CPU
		{8E3F8156-21DE-4852-BAB3-AE7958F869B3}.Debug|Any CPU.Build.0 = Debug|Any CPU
		{8E3F8156-21DE-4852-BAB3-AE7958F869B3}.Release|Any CPU.ActiveCfg = Release|Any CPU
		{8E3F8156-21DE-4852-BAB3-AE7958F869B3}.Release|Any CPU.Build.0 = Release|Any CPU
		{4F3F7776-2429-4C03-9553-650C27A2AE91}.Debug|Any CPU.ActiveCfg = Debug|Any CPU
		{4F3F7776-2429-4C03-9553-650C27A2AE91}.Debug|Any CPU.Build.0 = Debug|Any CPU
		{4F3F7776-2429-4C03-9553-650C27A2AE91}.Release|Any CPU.ActiveCfg = Release|Any CPU
		{4F3F7776-2429-4C03-9553-650C27A2AE91}.Release|Any CPU.Build.0 = Release|Any CPU
		{49C53C6C-206A-470E-BF21-E99F2B1AEF5C}.Debug|Any CPU.ActiveCfg = Debug|Any CPU
		{49C53C6C-206A-470E-BF21-E99F2B1AEF5C}.Debug|Any CPU.Build.0 = Debug|Any CPU
		{49C53C6C-206A-470E-BF21-E99F2B1AEF5C}.Release|Any CPU.ActiveCfg = Release|Any CPU
		{49C53C6C-206A-470E-BF21-E99F2B1AEF5C}.Release|Any CPU.Build.0 = Release|Any CPU
		{B43889B0-8D96-4B05-9E23-34E784B66934}.Debug|Any CPU.ActiveCfg = Debug|Any CPU
		{B43889B0-8D96-4B05-9E23-34E784B66934}.Debug|Any CPU.Build.0 = Debug|Any CPU
		{B43889B0-8D96-4B05-9E23-34E784B66934}.Release|Any CPU.ActiveCfg = Release|Any CPU
		{B43889B0-8D96-4B05-9E23-34E784B66934}.Release|Any CPU.Build.0 = Release|Any CPU
		{2370FB4F-E08A-4177-A73F-95A09D837EE6}.Debug|Any CPU.ActiveCfg = Debug|Any CPU
		{2370FB4F-E08A-4177-A73F-95A09D837EE6}.Debug|Any CPU.Build.0 = Debug|Any CPU
		{2370FB4F-E08A-4177-A73F-95A09D837EE6}.Release|Any CPU.ActiveCfg = Release|Any CPU
		{2370FB4F-E08A-4177-A73F-95A09D837EE6}.Release|Any CPU.Build.0 = Release|Any CPU
		{A98F91FB-30AD-43CB-81DB-8B28BCF90517}.Debug|Any CPU.ActiveCfg = Debug|Any CPU
		{A98F91FB-30AD-43CB-81DB-8B28BCF90517}.Debug|Any CPU.Build.0 = Debug|Any CPU
		{A98F91FB-30AD-43CB-81DB-8B28BCF90517}.Release|Any CPU.ActiveCfg = Release|Any CPU
		{A98F91FB-30AD-43CB-81DB-8B28BCF90517}.Release|Any CPU.Build.0 = Release|Any CPU
		{F6430864-F219-443B-B378-AF99E24609D8}.Debug|Any CPU.ActiveCfg = Debug|Any CPU
		{F6430864-F219-443B-B378-AF99E24609D8}.Debug|Any CPU.Build.0 = Debug|Any CPU
		{F6430864-F219-443B-B378-AF99E24609D8}.Release|Any CPU.ActiveCfg = Release|Any CPU
		{F6430864-F219-443B-B378-AF99E24609D8}.Release|Any CPU.Build.0 = Release|Any CPU
		{1F2EBA57-CA4A-4138-A66D-BF856C4F12A2}.Debug|Any CPU.ActiveCfg = Debug|Any CPU
		{1F2EBA57-CA4A-4138-A66D-BF856C4F12A2}.Debug|Any CPU.Build.0 = Debug|Any CPU
		{1F2EBA57-CA4A-4138-A66D-BF856C4F12A2}.Release|Any CPU.ActiveCfg = Release|Any CPU
		{1F2EBA57-CA4A-4138-A66D-BF856C4F12A2}.Release|Any CPU.Build.0 = Release|Any CPU
		{DD84A37F-158F-41C1-B9DD-C76F5120A82D}.Debug|Any CPU.ActiveCfg = Debug|Any CPU
		{DD84A37F-158F-41C1-B9DD-C76F5120A82D}.Debug|Any CPU.Build.0 = Debug|Any CPU
		{DD84A37F-158F-41C1-B9DD-C76F5120A82D}.Release|Any CPU.ActiveCfg = Release|Any CPU
		{DD84A37F-158F-41C1-B9DD-C76F5120A82D}.Release|Any CPU.Build.0 = Release|Any CPU
		{29D186A0-2165-45FE-B576-705CA566FAEC}.Debug|Any CPU.ActiveCfg = Debug|Any CPU
		{29D186A0-2165-45FE-B576-705CA566FAEC}.Debug|Any CPU.Build.0 = Debug|Any CPU
		{29D186A0-2165-45FE-B576-705CA566FAEC}.Release|Any CPU.ActiveCfg = Release|Any CPU
		{29D186A0-2165-45FE-B576-705CA566FAEC}.Release|Any CPU.Build.0 = Release|Any CPU
		{9AAD7C18-FF97-4C4E-98E6-3D3EDC3A195B}.Debug|Any CPU.ActiveCfg = Debug|Any CPU
		{9AAD7C18-FF97-4C4E-98E6-3D3EDC3A195B}.Debug|Any CPU.Build.0 = Debug|Any CPU
		{9AAD7C18-FF97-4C4E-98E6-3D3EDC3A195B}.Release|Any CPU.ActiveCfg = Release|Any CPU
		{9AAD7C18-FF97-4C4E-98E6-3D3EDC3A195B}.Release|Any CPU.Build.0 = Release|Any CPU
		{D3C398F5-38F1-4494-93DF-85B7AE399F4E}.Debug|Any CPU.ActiveCfg = Debug|Any CPU
		{D3C398F5-38F1-4494-93DF-85B7AE399F4E}.Debug|Any CPU.Build.0 = Debug|Any CPU
		{D3C398F5-38F1-4494-93DF-85B7AE399F4E}.Release|Any CPU.ActiveCfg = Release|Any CPU
		{D3C398F5-38F1-4494-93DF-85B7AE399F4E}.Release|Any CPU.Build.0 = Release|Any CPU
		{A5CEACB6-0C4F-4762-BC02-500D6F6BA989}.Debug|Any CPU.ActiveCfg = Debug|Any CPU
		{A5CEACB6-0C4F-4762-BC02-500D6F6BA989}.Debug|Any CPU.Build.0 = Debug|Any CPU
		{A5CEACB6-0C4F-4762-BC02-500D6F6BA989}.Release|Any CPU.ActiveCfg = Release|Any CPU
		{A5CEACB6-0C4F-4762-BC02-500D6F6BA989}.Release|Any CPU.Build.0 = Release|Any CPU
	EndGlobalSection
	GlobalSection(SolutionProperties) = preSolution
		HideSolutionNode = FALSE
	EndGlobalSection
EndGlobal
